// !$*UTF8*$!
{
	archiveVersion = 1;
	classes = {
	};
	objectVersion = 50;
	objects = {

/* Begin PBXBuildFile section */
		69A9A79C208CFD5F002764A7 /* AppDelegate.swift in Sources */ = {isa = PBXBuildFile; fileRef = 69A9A79B208CFD5F002764A7 /* AppDelegate.swift */; };
		69A9A79E208CFD5F002764A7 /* ViewController.swift in Sources */ = {isa = PBXBuildFile; fileRef = 69A9A79D208CFD5F002764A7 /* ViewController.swift */; };
		69A9A7A1208CFD5F002764A7 /* Main.storyboard in Resources */ = {isa = PBXBuildFile; fileRef = 69A9A79F208CFD5F002764A7 /* Main.storyboard */; };
		69A9A7A3208CFD63002764A7 /* Assets.xcassets in Resources */ = {isa = PBXBuildFile; fileRef = 69A9A7A2208CFD63002764A7 /* Assets.xcassets */; };
		69A9A7A6208CFD63002764A7 /* LaunchScreen.storyboard in Resources */ = {isa = PBXBuildFile; fileRef = 69A9A7A4208CFD63002764A7 /* LaunchScreen.storyboard */; };
/* End PBXBuildFile section */

/* Begin PBXFileReference section */
		69A9A798208CFD5F002764A7 /* Foursquare Places.app */ = {isa = PBXFileReference; explicitFileType = wrapper.application; includeInIndex = 0; path = "Foursquare Places.app"; sourceTree = BUILT_PRODUCTS_DIR; };
		69A9A79B208CFD5F002764A7 /* AppDelegate.swift */ = {isa = PBXFileReference; lastKnownFileType = sourcecode.swift; path = AppDelegate.swift; sourceTree = "<group>"; };
		69A9A79D208CFD5F002764A7 /* ViewController.swift */ = {isa = PBXFileReference; lastKnownFileType = sourcecode.swift; path = ViewController.swift; sourceTree = "<group>"; };
		69A9A7A0208CFD5F002764A7 /* Base */ = {isa = PBXFileReference; lastKnownFileType = file.storyboard; name = Base; path = Base.lproj/Main.storyboard; sourceTree = "<group>"; };
		69A9A7A2208CFD63002764A7 /* Assets.xcassets */ = {isa = PBXFileReference; lastKnownFileType = folder.assetcatalog; path = Assets.xcassets; sourceTree = "<group>"; };
		69A9A7A5208CFD63002764A7 /* Base */ = {isa = PBXFileReference; lastKnownFileType = file.storyboard; name = Base; path = Base.lproj/LaunchScreen.storyboard; sourceTree = "<group>"; };
		69A9A7A7208CFD63002764A7 /* Info.plist */ = {isa = PBXFileReference; lastKnownFileType = text.plist.xml; path = Info.plist; sourceTree = "<group>"; };
/* End PBXFileReference section */

/* Begin PBXFrameworksBuildPhase section */
		69A9A795208CFD5F002764A7 /* Frameworks */ = {
			isa = PBXFrameworksBuildPhase;
			buildActionMask = 2147483647;
			files = (
			);
			runOnlyForDeploymentPostprocessing = 0;
		};
/* End PBXFrameworksBuildPhase section */

/* Begin PBXGroup section */
		69A9A78F208CFD5F002764A7 = {
			isa = PBXGroup;
			children = (
				69A9A79A208CFD5F002764A7 /* Foursquare Places */,
				69A9A799208CFD5F002764A7 /* Products */,
			);
			sourceTree = "<group>";
		};
		69A9A799208CFD5F002764A7 /* Products */ = {
			isa = PBXGroup;
			children = (
				69A9A798208CFD5F002764A7 /* Foursquare Places.app */,
			);
			name = Products;
			sourceTree = "<group>";
		};
		69A9A79A208CFD5F002764A7 /* Foursquare Places */ = {
			isa = PBXGroup;
			children = (
				69A9A79B208CFD5F002764A7 /* AppDelegate.swift */,
				69A9A79D208CFD5F002764A7 /* ViewController.swift */,
				69A9A79F208CFD5F002764A7 /* Main.storyboard */,
				69A9A7A2208CFD63002764A7 /* Assets.xcassets */,
				69A9A7A4208CFD63002764A7 /* LaunchScreen.storyboard */,
				69A9A7A7208CFD63002764A7 /* Info.plist */,
			);
			path = "Foursquare Places";
			sourceTree = "<group>";
		};
/* End PBXGroup section */

/* Begin PBXNativeTarget section */
		69A9A797208CFD5F002764A7 /* Foursquare Places */ = {
			isa = PBXNativeTarget;
			buildConfigurationList = 69A9A7AA208CFD63002764A7 /* Build configuration list for PBXNativeTarget "Foursquare Places" */;
			buildPhases = (
				69A9A794208CFD5F002764A7 /* Sources */,
				69A9A795208CFD5F002764A7 /* Frameworks */,
				69A9A796208CFD5F002764A7 /* Resources */,
			);
			buildRules = (
			);
			dependencies = (
			);
			name = "Foursquare Places";
			productName = "Foursquare Places";
			productReference = 69A9A798208CFD5F002764A7 /* Foursquare Places.app */;
			productType = "com.apple.product-type.application";
		};
/* End PBXNativeTarget section */

/* Begin PBXProject section */
		69A9A790208CFD5F002764A7 /* Project object */ = {
			isa = PBXProject;
			attributes = {
				LastSwiftUpdateCheck = 0930;
				LastUpgradeCheck = 0930;
				ORGANIZATIONNAME = "Sepandat Pourtaymour";
				TargetAttributes = {
					69A9A797208CFD5F002764A7 = {
						CreatedOnToolsVersion = 9.3;
					};
				};
			};
			buildConfigurationList = 69A9A793208CFD5F002764A7 /* Build configuration list for PBXProject "Foursquare Places" */;
			compatibilityVersion = "Xcode 9.3";
			developmentRegion = en;
			hasScannedForEncodings = 0;
			knownRegions = (
				en,
				Base,
			);
			mainGroup = 69A9A78F208CFD5F002764A7;
			productRefGroup = 69A9A799208CFD5F002764A7 /* Products */;
			projectDirPath = "";
			projectRoot = "";
			targets = (
				69A9A797208CFD5F002764A7 /* Foursquare Places */,
			);
		};
/* End PBXProject section */

/* Begin PBXResourcesBuildPhase section */
		69A9A796208CFD5F002764A7 /* Resources */ = {
			isa = PBXResourcesBuildPhase;
			buildActionMask = 2147483647;
			files = (
				69A9A7A6208CFD63002764A7 /* LaunchScreen.storyboard in Resources */,
				69A9A7A3208CFD63002764A7 /* Assets.xcassets in Resources */,
				69A9A7A1208CFD5F002764A7 /* Main.storyboard in Resources */,
			);
			runOnlyForDeploymentPostprocessing = 0;
		};
/* End PBXResourcesBuildPhase section */

/* Begin PBXSourcesBuildPhase section */
		69A9A794208CFD5F002764A7 /* Sources */ = {
			isa = PBXSourcesBuildPhase;
			buildActionMask = 2147483647;
			files = (
				69A9A79E208CFD5F002764A7 /* ViewController.swift in Sources */,
				69A9A79C208CFD5F002764A7 /* AppDelegate.swift in Sources */,
			);
			runOnlyForDeploymentPostprocessing = 0;
		};
/* End PBXSourcesBuildPhase section */

/* Begin PBXVariantGroup section */
		69A9A79F208CFD5F002764A7 /* Main.storyboard */ = {
			isa = PBXVariantGroup;
			children = (
				69A9A7A0208CFD5F002764A7 /* Base */,
			);
			name = Main.storyboard;
			sourceTree = "<group>";
		};
		69A9A7A4208CFD63002764A7 /* LaunchScreen.storyboard */ = {
			isa = PBXVariantGroup;
			children = (
				69A9A7A5208CFD63002764A7 /* Base */,
			);
			name = LaunchScreen.storyboard;
			sourceTree = "<group>";
		};
/* End PBXVariantGroup section */

/* Begin XCBuildConfiguration section */
		69A9A7A8208CFD63002764A7 /* Debug */ = {
			isa = XCBuildConfiguration;
			buildSettings = {
				ALWAYS_SEARCH_USER_PATHS = NO;
				CLANG_ANALYZER_NONNULL = YES;
				CLANG_ANALYZER_NUMBER_OBJECT_CONVERSION = YES_AGGRESSIVE;
				CLANG_CXX_LANGUAGE_STANDARD = "gnu++14";
				CLANG_CXX_LIBRARY = "libc++";
				CLANG_ENABLE_MODULES = YES;
				CLANG_ENABLE_OBJC_ARC = YES;
				CLANG_ENABLE_OBJC_WEAK = YES;
				CLANG_WARN_BLOCK_CAPTURE_AUTORELEASING = YES;
				CLANG_WARN_BOOL_CONVERSION = YES;
				CLANG_WARN_COMMA = YES;
				CLANG_WARN_CONSTANT_CONVERSION = YES;
				CLANG_WARN_DEPRECATED_OBJC_IMPLEMENTATIONS = YES;
				CLANG_WARN_DIRECT_OBJC_ISA_USAGE = YES_ERROR;
				CLANG_WARN_DOCUMENTATION_COMMENTS = YES;
				CLANG_WARN_EMPTY_BODY = YES;
				CLANG_WARN_ENUM_CONVERSION = YES;
				CLANG_WARN_INFINITE_RECURSION = YES;
				CLANG_WARN_INT_CONVERSION = YES;
				CLANG_WARN_NON_LITERAL_NULL_CONVERSION = YES;
				CLANG_WARN_OBJC_IMPLICIT_RETAIN_SELF = YES;
				CLANG_WARN_OBJC_LITERAL_CONVERSION = YES;
				CLANG_WARN_OBJC_ROOT_CLASS = YES_ERROR;
				CLANG_WARN_RANGE_LOOP_ANALYSIS = YES;
				CLANG_WARN_STRICT_PROTOTYPES = YES;
				CLANG_WARN_SUSPICIOUS_MOVE = YES;
				CLANG_WARN_UNGUARDED_AVAILABILITY = YES_AGGRESSIVE;
				CLANG_WARN_UNREACHABLE_CODE = YES;
				CLANG_WARN__DUPLICATE_METHOD_MATCH = YES;
				CODE_SIGN_IDENTITY = "iPhone Developer";
				COPY_PHASE_STRIP = NO;
				DEBUG_INFORMATION_FORMAT = dwarf;
				ENABLE_STRICT_OBJC_MSGSEND = YES;
				ENABLE_TESTABILITY = YES;
				GCC_C_LANGUAGE_STANDARD = gnu11;
				GCC_DYNAMIC_NO_PIC = NO;
				GCC_NO_COMMON_BLOCKS = YES;
				GCC_OPTIMIZATION_LEVEL = 0;
				GCC_PREPROCESSOR_DEFINITIONS = (
					"DEBUG=1",
					"$(inherited)",
				);
				GCC_WARN_64_TO_32_BIT_CONVERSION = YES;
				GCC_WARN_ABOUT_RETURN_TYPE = YES_ERROR;
				GCC_WARN_UNDECLARED_SELECTOR = YES;
				GCC_WARN_UNINITIALIZED_AUTOS = YES_AGGRESSIVE;
				GCC_WARN_UNUSED_FUNCTION = YES;
				GCC_WARN_UNUSED_VARIABLE = YES;
				IPHONEOS_DEPLOYMENT_TARGET = 11.3;
				MTL_ENABLE_DEBUG_INFO = YES;
				ONLY_ACTIVE_ARCH = YES;
				SDKROOT = iphoneos;
				SWIFT_ACTIVE_COMPILATION_CONDITIONS = DEBUG;
				SWIFT_OPTIMIZATION_LEVEL = "-Onone";
			};
			name = Debug;
		};
		69A9A7A9208CFD63002764A7 /* Release */ = {
			isa = XCBuildConfiguration;
			buildSettings = {
				ALWAYS_SEARCH_USER_PATHS = NO;
				CLANG_ANALYZER_NONNULL = YES;
				CLANG_ANALYZER_NUMBER_OBJECT_CONVERSION = YES_AGGRESSIVE;
				CLANG_CXX_LANGUAGE_STANDARD = "gnu++14";
				CLANG_CXX_LIBRARY = "libc++";
				CLANG_ENABLE_MODULES = YES;
				CLANG_ENABLE_OBJC_ARC = YES;
				CLANG_ENABLE_OBJC_WEAK = YES;
				CLANG_WARN_BLOCK_CAPTURE_AUTORELEASING = YES;
				CLANG_WARN_BOOL_CONVERSION = YES;
				CLANG_WARN_COMMA = YES;
				CLANG_WARN_CONSTANT_CONVERSION = YES;
				CLANG_WARN_DEPRECATED_OBJC_IMPLEMENTATIONS = YES;
				CLANG_WARN_DIRECT_OBJC_ISA_USAGE = YES_ERROR;
				CLANG_WARN_DOCUMENTATION_COMMENTS = YES;
				CLANG_WARN_EMPTY_BODY = YES;
				CLANG_WARN_ENUM_CONVERSION = YES;
				CLANG_WARN_INFINITE_RECURSION = YES;
				CLANG_WARN_INT_CONVERSION = YES;
				CLANG_WARN_NON_LITERAL_NULL_CONVERSION = YES;
				CLANG_WARN_OBJC_IMPLICIT_RETAIN_SELF = YES;
				CLANG_WARN_OBJC_LITERAL_CONVERSION = YES;
				CLANG_WARN_OBJC_ROOT_CLASS = YES_ERROR;
				CLANG_WARN_RANGE_LOOP_ANALYSIS = YES;
				CLANG_WARN_STRICT_PROTOTYPES = YES;
				CLANG_WARN_SUSPICIOUS_MOVE = YES;
				CLANG_WARN_UNGUARDED_AVAILABILITY = YES_AGGRESSIVE;
				CLANG_WARN_UNREACHABLE_CODE = YES;
				CLANG_WARN__DUPLICATE_METHOD_MATCH = YES;
				CODE_SIGN_IDENTITY = "iPhone Developer";
				COPY_PHASE_STRIP = NO;
				DEBUG_INFORMATION_FORMAT = "dwarf-with-dsym";
				ENABLE_NS_ASSERTIONS = NO;
				ENABLE_STRICT_OBJC_MSGSEND = YES;
				GCC_C_LANGUAGE_STANDARD = gnu11;
				GCC_NO_COMMON_BLOCKS = YES;
				GCC_WARN_64_TO_32_BIT_CONVERSION = YES;
				GCC_WARN_ABOUT_RETURN_TYPE = YES_ERROR;
				GCC_WARN_UNDECLARED_SELECTOR = YES;
				GCC_WARN_UNINITIALIZED_AUTOS = YES_AGGRESSIVE;
				GCC_WARN_UNUSED_FUNCTION = YES;
				GCC_WARN_UNUSED_VARIABLE = YES;
				IPHONEOS_DEPLOYMENT_TARGET = 11.3;
				MTL_ENABLE_DEBUG_INFO = NO;
				SDKROOT = iphoneos;
				SWIFT_COMPILATION_MODE = wholemodule;
				SWIFT_OPTIMIZATION_LEVEL = "-O";
				VALIDATE_PRODUCT = YES;
			};
			name = Release;
		};
		69A9A7AB208CFD63002764A7 /* Debug */ = {
			isa = XCBuildConfiguration;
			buildSettings = {
				ASSETCATALOG_COMPILER_APPICON_NAME = AppIcon;
				CODE_SIGN_STYLE = Automatic;
				INFOPLIST_FILE = "Foursquare Places/Info.plist";
				LD_RUNPATH_SEARCH_PATHS = (
					"$(inherited)",
					"@executable_path/Frameworks",
				);
				PRODUCT_BUNDLE_IDENTIFIER = "com.spourteymour.Foursquare-Places";
				PRODUCT_NAME = "$(TARGET_NAME)";
				SWIFT_VERSION = 4.0;
				TARGETED_DEVICE_FAMILY = "1,2";
			};
			name = Debug;
		};
		69A9A7AC208CFD63002764A7 /* Release */ = {
			isa = XCBuildConfiguration;
			buildSettings = {
				ASSETCATALOG_COMPILER_APPICON_NAME = AppIcon;
				CODE_SIGN_STYLE = Automatic;
				INFOPLIST_FILE = "Foursquare Places/Info.plist";
				LD_RUNPATH_SEARCH_PATHS = (
					"$(inherited)",
					"@executable_path/Frameworks",
				);
				PRODUCT_BUNDLE_IDENTIFIER = "com.spourteymour.Foursquare-Places";
				PRODUCT_NAME = "$(TARGET_NAME)";
				SWIFT_VERSION = 4.0;
				TARGETED_DEVICE_FAMILY = "1,2";
			};
			name = Release;
		};
/* End XCBuildConfiguration section */

/* Begin XCConfigurationList section */
		69A9A793208CFD5F002764A7 /* Build configuration list for PBXProject "Foursquare Places" */ = {
			isa = XCConfigurationList;
			buildConfigurations = (
				69A9A7A8208CFD63002764A7 /* Debug */,
				69A9A7A9208CFD63002764A7 /* Release */,
			);
			defaultConfigurationIsVisible = 0;
			defaultConfigurationName = Release;
		};
		69A9A7AA208CFD63002764A7 /* Build configuration list for PBXNativeTarget "Foursquare Places" */ = {
			isa = XCConfigurationList;
			buildConfigurations = (
				69A9A7AB208CFD63002764A7 /* Debug */,
				69A9A7AC208CFD63002764A7 /* Release */,
			);
			defaultConfigurationIsVisible = 0;
			defaultConfigurationName = Release;
		};
/* End XCConfigurationList section */
	};
	rootObject = 69A9A790208CFD5F002764A7 /* Project object */;
}
